// !$*UTF8*$!
{
	archiveVersion = 1;
	classes = {
	};
	objectVersion = 50;
	objects = {

/* Begin PBXBuildFile section */
		6DF13FB526801EE600111AA0 /* CoffeeColturaApp.swift in Sources */ = {isa = PBXBuildFile; fileRef = 6DF13FB426801EE600111AA0 /* CoffeeColturaApp.swift */; };
		6DF13FB726801EE600111AA0 /* ContentView.swift in Sources */ = {isa = PBXBuildFile; fileRef = 6DF13FB626801EE600111AA0 /* ContentView.swift */; };
		6DF13FB926801EE700111AA0 /* Assets.xcassets in Resources */ = {isa = PBXBuildFile; fileRef = 6DF13FB826801EE700111AA0 /* Assets.xcassets */; };
		6DF13FBC26801EE700111AA0 /* Preview Assets.xcassets in Resources */ = {isa = PBXBuildFile; fileRef = 6DF13FBB26801EE700111AA0 /* Preview Assets.xcassets */; };
		6DF13FC42680246700111AA0 /* Coffee.swift in Sources */ = {isa = PBXBuildFile; fileRef = 6DF13FC32680246700111AA0 /* Coffee.swift */; };
		6DF13FC6268026E200111AA0 /* CoffeeDetail.swift in Sources */ = {isa = PBXBuildFile; fileRef = 6DF13FC5268026E200111AA0 /* CoffeeDetail.swift */; };
		6DF13FC826802B9A00111AA0 /* Coffees.xcassets in Resources */ = {isa = PBXBuildFile; fileRef = 6DF13FC726802B9A00111AA0 /* Coffees.xcassets */; };
/* End PBXBuildFile section */

/* Begin PBXFileReference section */
		6DF13FB126801EE600111AA0 /* CoffeeColtura.app */ = {isa = PBXFileReference; explicitFileType = wrapper.application; includeInIndex = 0; path = CoffeeColtura.app; sourceTree = BUILT_PRODUCTS_DIR; };
		6DF13FB426801EE600111AA0 /* CoffeeColturaApp.swift */ = {isa = PBXFileReference; lastKnownFileType = sourcecode.swift; path = CoffeeColturaApp.swift; sourceTree = "<group>"; };
		6DF13FB626801EE600111AA0 /* ContentView.swift */ = {isa = PBXFileReference; lastKnownFileType = sourcecode.swift; path = ContentView.swift; sourceTree = "<group>"; };
		6DF13FB826801EE700111AA0 /* Assets.xcassets */ = {isa = PBXFileReference; lastKnownFileType = folder.assetcatalog; path = Assets.xcassets; sourceTree = "<group>"; };
		6DF13FBB26801EE700111AA0 /* Preview Assets.xcassets */ = {isa = PBXFileReference; lastKnownFileType = folder.assetcatalog; path = "Preview Assets.xcassets"; sourceTree = "<group>"; };
		6DF13FBD26801EE700111AA0 /* Info.plist */ = {isa = PBXFileReference; lastKnownFileType = text.plist.xml; path = Info.plist; sourceTree = "<group>"; };
		6DF13FC32680246700111AA0 /* Coffee.swift */ = {isa = PBXFileReference; lastKnownFileType = sourcecode.swift; path = Coffee.swift; sourceTree = "<group>"; };
		6DF13FC5268026E200111AA0 /* CoffeeDetail.swift */ = {isa = PBXFileReference; lastKnownFileType = sourcecode.swift; path = CoffeeDetail.swift; sourceTree = "<group>"; };
		6DF13FC726802B9A00111AA0 /* Coffees.xcassets */ = {isa = PBXFileReference; lastKnownFileType = folder.assetcatalog; path = Coffees.xcassets; sourceTree = "<group>"; };
/* End PBXFileReference section */

/* Begin PBXFrameworksBuildPhase section */
		6DF13FAE26801EE600111AA0 /* Frameworks */ = {
			isa = PBXFrameworksBuildPhase;
			buildActionMask = 2147483647;
			files = (
			);
			runOnlyForDeploymentPostprocessing = 0;
		};
/* End PBXFrameworksBuildPhase section */

/* Begin PBXGroup section */
		6DF13FA826801EE600111AA0 = {
			isa = PBXGroup;
			children = (
				6DF13FB326801EE600111AA0 /* CoffeeColtura */,
				6DF13FB226801EE600111AA0 /* Products */,
			);
			sourceTree = "<group>";
		};
		6DF13FB226801EE600111AA0 /* Products */ = {
			isa = PBXGroup;
			children = (
				6DF13FB126801EE600111AA0 /* CoffeeColtura.app */,
			);
			name = Products;
			sourceTree = "<group>";
		};
		6DF13FB326801EE600111AA0 /* CoffeeColtura */ = {
			isa = PBXGroup;
			children = (
				6DF13FB426801EE600111AA0 /* CoffeeColturaApp.swift */,
				6DF13FB626801EE600111AA0 /* ContentView.swift */,
				6DF13FC726802B9A00111AA0 /* Coffees.xcassets */,
				6DF13FC5268026E200111AA0 /* CoffeeDetail.swift */,
				6DF13FC32680246700111AA0 /* Coffee.swift */,
				6DF13FB826801EE700111AA0 /* Assets.xcassets */,
				6DF13FBD26801EE700111AA0 /* Info.plist */,
				6DF13FBA26801EE700111AA0 /* Preview Content */,
			);
			path = CoffeeColtura;
			sourceTree = "<group>";
		};
		6DF13FBA26801EE700111AA0 /* Preview Content */ = {
			isa = PBXGroup;
			children = (
				6DF13FBB26801EE700111AA0 /* Preview Assets.xcassets */,
			);
			path = "Preview Content";
			sourceTree = "<group>";
		};
/* End PBXGroup section */

/* Begin PBXNativeTarget section */
		6DF13FB026801EE600111AA0 /* CoffeeColtura */ = {
			isa = PBXNativeTarget;
			buildConfigurationList = 6DF13FC026801EE700111AA0 /* Build configuration list for PBXNativeTarget "CoffeeColtura" */;
			buildPhases = (
				6DF13FAD26801EE600111AA0 /* Sources */,
				6DF13FAE26801EE600111AA0 /* Frameworks */,
				6DF13FAF26801EE600111AA0 /* Resources */,
			);
			buildRules = (
			);
			dependencies = (
			);
			name = CoffeeColtura;
			productName = CoffeeColtura;
			productReference = 6DF13FB126801EE600111AA0 /* CoffeeColtura.app */;
			productType = "com.apple.product-type.application";
		};
/* End PBXNativeTarget section */

/* Begin PBXProject section */
		6DF13FA926801EE600111AA0 /* Project object */ = {
			isa = PBXProject;
			attributes = {
				LastSwiftUpdateCheck = 1250;
				LastUpgradeCheck = 1250;
				TargetAttributes = {
					6DF13FB026801EE600111AA0 = {
						CreatedOnToolsVersion = 12.5;
					};
				};
			};
			buildConfigurationList = 6DF13FAC26801EE600111AA0 /* Build configuration list for PBXProject "CoffeeColtura" */;
			compatibilityVersion = "Xcode 9.3";
			developmentRegion = en;
			hasScannedForEncodings = 0;
			knownRegions = (
				en,
				Base,
			);
			mainGroup = 6DF13FA826801EE600111AA0;
			productRefGroup = 6DF13FB226801EE600111AA0 /* Products */;
			projectDirPath = "";
			projectRoot = "";
			targets = (
				6DF13FB026801EE600111AA0 /* CoffeeColtura */,
			);
		};
/* End PBXProject section */

/* Begin PBXResourcesBuildPhase section */
		6DF13FAF26801EE600111AA0 /* Resources */ = {
			isa = PBXResourcesBuildPhase;
			buildActionMask = 2147483647;
			files = (
				6DF13FC826802B9A00111AA0 /* Coffees.xcassets in Resources */,
				6DF13FBC26801EE700111AA0 /* Preview Assets.xcassets in Resources */,
				6DF13FB926801EE700111AA0 /* Assets.xcassets in Resources */,
			);
			runOnlyForDeploymentPostprocessing = 0;
		};
/* End PBXResourcesBuildPhase section */

/* Begin PBXSourcesBuildPhase section */
		6DF13FAD26801EE600111AA0 /* Sources */ = {
			isa = PBXSourcesBuildPhase;
			buildActionMask = 2147483647;
			files = (
				6DF13FC6268026E200111AA0 /* CoffeeDetail.swift in Sources */,
				6DF13FB726801EE600111AA0 /* ContentView.swift in Sources */,
				6DF13FB526801EE600111AA0 /* CoffeeColturaApp.swift in Sources */,
				6DF13FC42680246700111AA0 /* Coffee.swift in Sources */,
			);
			runOnlyForDeploymentPostprocessing = 0;
		};
/* End PBXSourcesBuildPhase section */

/* Begin XCBuildConfiguration section */
		6DF13FBE26801EE700111AA0 /* Debug */ = {
			isa = XCBuildConfiguration;
			buildSettings = {
				ALWAYS_SEARCH_USER_PATHS = NO;
				CLANG_ANALYZER_NONNULL = YES;
				CLANG_ANALYZER_NUMBER_OBJECT_CONVERSION = YES_AGGRESSIVE;
				CLANG_CXX_LANGUAGE_STANDARD = "gnu++14";
				CLANG_CXX_LIBRARY = "libc++";
				CLANG_ENABLE_MODULES = YES;
				CLANG_ENABLE_OBJC_ARC = YES;
				CLANG_ENABLE_OBJC_WEAK = YES;
				CLANG_WARN_BLOCK_CAPTURE_AUTORELEASING = YES;
				CLANG_WARN_BOOL_CONVERSION = YES;
				CLANG_WARN_COMMA = YES;
				CLANG_WARN_CONSTANT_CONVERSION = YES;
				CLANG_WARN_DEPRECATED_OBJC_IMPLEMENTATIONS = YES;
				CLANG_WARN_DIRECT_OBJC_ISA_USAGE = YES_ERROR;
				CLANG_WARN_DOCUMENTATION_COMMENTS = YES;
				CLANG_WARN_EMPTY_BODY = YES;
				CLANG_WARN_ENUM_CONVERSION = YES;
				CLANG_WARN_INFINITE_RECURSION = YES;
				CLANG_WARN_INT_CONVERSION = YES;
				CLANG_WARN_NON_LITERAL_NULL_CONVERSION = YES;
				CLANG_WARN_OBJC_IMPLICIT_RETAIN_SELF = YES;
				CLANG_WARN_OBJC_LITERAL_CONVERSION = YES;
				CLANG_WARN_OBJC_ROOT_CLASS = YES_ERROR;
				CLANG_WARN_QUOTED_INCLUDE_IN_FRAMEWORK_HEADER = YES;
				CLANG_WARN_RANGE_LOOP_ANALYSIS = YES;
				CLANG_WARN_STRICT_PROTOTYPES = YES;
				CLANG_WARN_SUSPICIOUS_MOVE = YES;
				CLANG_WARN_UNGUARDED_AVAILABILITY = YES_AGGRESSIVE;
				CLANG_WARN_UNREACHABLE_CODE = YES;
				CLANG_WARN__DUPLICATE_METHOD_MATCH = YES;
				COPY_PHASE_STRIP = NO;
				DEBUG_INFORMATION_FORMAT = dwarf;
				ENABLE_STRICT_OBJC_MSGSEND = YES;
				ENABLE_TESTABILITY = YES;
				GCC_C_LANGUAGE_STANDARD = gnu11;
				GCC_DYNAMIC_NO_PIC = NO;
				GCC_NO_COMMON_BLOCKS = YES;
				GCC_OPTIMIZATION_LEVEL = 0;
				GCC_PREPROCESSOR_DEFINITIONS = (
					"DEBUG=1",
					"$(inherited)",
				);
				GCC_WARN_64_TO_32_BIT_CONVERSION = YES;
				GCC_WARN_ABOUT_RETURN_TYPE = YES_ERROR;
				GCC_WARN_UNDECLARED_SELECTOR = YES;
				GCC_WARN_UNINITIALIZED_AUTOS = YES_AGGRESSIVE;
				GCC_WARN_UNUSED_FUNCTION = YES;
				GCC_WARN_UNUSED_VARIABLE = YES;
				IPHONEOS_DEPLOYMENT_TARGET = 14.5;
				MTL_ENABLE_DEBUG_INFO = INCLUDE_SOURCE;
				MTL_FAST_MATH = YES;
				ONLY_ACTIVE_ARCH = YES;
				SDKROOT = iphoneos;
				SWIFT_ACTIVE_COMPILATION_CONDITIONS = DEBUG;
				SWIFT_OPTIMIZATION_LEVEL = "-Onone";
			};
			name = Debug;
		};
		6DF13FBF26801EE700111AA0 /* Release */ = {
			isa = XCBuildConfiguration;
			buildSettings = {
				ALWAYS_SEARCH_USER_PATHS = NO;
				CLANG_ANALYZER_NONNULL = YES;
				CLANG_ANALYZER_NUMBER_OBJECT_CONVERSION = YES_AGGRESSIVE;
				CLANG_CXX_LANGUAGE_STANDARD = "gnu++14";
				CLANG_CXX_LIBRARY = "libc++";
				CLANG_ENABLE_MODULES = YES;
				CLANG_ENABLE_OBJC_ARC = YES;
				CLANG_ENABLE_OBJC_WEAK = YES;
				CLANG_WARN_BLOCK_CAPTURE_AUTORELEASING = YES;
				CLANG_WARN_BOOL_CONVERSION = YES;
				CLANG_WARN_COMMA = YES;
				CLANG_WARN_CONSTANT_CONVERSION = YES;
				CLANG_WARN_DEPRECATED_OBJC_IMPLEMENTATIONS = YES;
				CLANG_WARN_DIRECT_OBJC_ISA_USAGE = YES_ERROR;
				CLANG_WARN_DOCUMENTATION_COMMENTS = YES;
				CLANG_WARN_EMPTY_BODY = YES;
				CLANG_WARN_ENUM_CONVERSION = YES;
				CLANG_WARN_INFINITE_RECURSION = YES;
				CLANG_WARN_INT_CONVERSION = YES;
				CLANG_WARN_NON_LITERAL_NULL_CONVERSION = YES;
				CLANG_WARN_OBJC_IMPLICIT_RETAIN_SELF = YES;
				CLANG_WARN_OBJC_LITERAL_CONVERSION = YES;
				CLANG_WARN_OBJC_ROOT_CLASS = YES_ERROR;
				CLANG_WARN_QUOTED_INCLUDE_IN_FRAMEWORK_HEADER = YES;
				CLANG_WARN_RANGE_LOOP_ANALYSIS = YES;
				CLANG_WARN_STRICT_PROTOTYPES = YES;
				CLANG_WARN_SUSPICIOUS_MOVE = YES;
				CLANG_WARN_UNGUARDED_AVAILABILITY = YES_AGGRESSIVE;
				CLANG_WARN_UNREACHABLE_CODE = YES;
				CLANG_WARN__DUPLICATE_METHOD_MATCH = YES;
				COPY_PHASE_STRIP = NO;
				DEBUG_INFORMATION_FORMAT = "dwarf-with-dsym";
				ENABLE_NS_ASSERTIONS = NO;
				ENABLE_STRICT_OBJC_MSGSEND = YES;
				GCC_C_LANGUAGE_STANDARD = gnu11;
				GCC_NO_COMMON_BLOCKS = YES;
				GCC_WARN_64_TO_32_BIT_CONVERSION = YES;
				GCC_WARN_ABOUT_RETURN_TYPE = YES_ERROR;
				GCC_WARN_UNDECLARED_SELECTOR = YES;
				GCC_WARN_UNINITIALIZED_AUTOS = YES_AGGRESSIVE;
				GCC_WARN_UNUSED_FUNCTION = YES;
				GCC_WARN_UNUSED_VARIABLE = YES;
				IPHONEOS_DEPLOYMENT_TARGET = 14.5;
				MTL_ENABLE_DEBUG_INFO = NO;
				MTL_FAST_MATH = YES;
				SDKROOT = iphoneos;
				SWIFT_COMPILATION_MODE = wholemodule;
				SWIFT_OPTIMIZATION_LEVEL = "-O";
				VALIDATE_PRODUCT = YES;
			};
			name = Release;
		};
		6DF13FC126801EE700111AA0 /* Debug */ = {
			isa = XCBuildConfiguration;
			buildSettings = {
				ASSETCATALOG_COMPILER_APPICON_NAME = AppIcon;
				ASSETCATALOG_COMPILER_GLOBAL_ACCENT_COLOR_NAME = AccentColor;
				CODE_SIGN_STYLE = Automatic;
				DEVELOPMENT_ASSET_PATHS = "\"CoffeeColtura/Preview Content\"";
				DEVELOPMENT_TEAM = ZF9AKZ5397;
				ENABLE_PREVIEWS = YES;
				INFOPLIST_FILE = CoffeeColtura/Info.plist;
				IPHONEOS_DEPLOYMENT_TARGET = 14.0;
				LD_RUNPATH_SEARCH_PATHS = (
					"$(inherited)",
					"@executable_path/Frameworks",
				);
				PRODUCT_BUNDLE_IDENTIFIER = dev.tyboyd.CoffeeColtura;
				PRODUCT_NAME = "$(TARGET_NAME)";
				SWIFT_VERSION = 5.0;
				TARGETED_DEVICE_FAMILY = "1,2";
			};
			name = Debug;
		};
		6DF13FC226801EE700111AA0 /* Release */ = {
			isa = XCBuildConfiguration;
			buildSettings = {
				ASSETCATALOG_COMPILER_APPICON_NAME = AppIcon;
				ASSETCATALOG_COMPILER_GLOBAL_ACCENT_COLOR_NAME = AccentColor;
				CODE_SIGN_STYLE = Automatic;
				DEVELOPMENT_ASSET_PATHS = "\"CoffeeColtura/Preview Content\"";
				DEVELOPMENT_TEAM = ZF9AKZ5397;
				ENABLE_PREVIEWS = YES;
				INFOPLIST_FILE = CoffeeColtura/Info.plist;
				IPHONEOS_DEPLOYMENT_TARGET = 14.0;
				LD_RUNPATH_SEARCH_PATHS = (
					"$(inherited)",
					"@executable_path/Frameworks",
				);
				PRODUCT_BUNDLE_IDENTIFIER = dev.tyboyd.CoffeeColtura;
				PRODUCT_NAME = "$(TARGET_NAME)";
				SWIFT_VERSION = 5.0;
				TARGETED_DEVICE_FAMILY = "1,2";
			};
			name = Release;
		};
/* End XCBuildConfiguration section */

/* Begin XCConfigurationList section */
		6DF13FAC26801EE600111AA0 /* Build configuration list for PBXProject "CoffeeColtura" */ = {
			isa = XCConfigurationList;
			buildConfigurations = (
				6DF13FBE26801EE700111AA0 /* Debug */,
				6DF13FBF26801EE700111AA0 /* Release */,
			);
			defaultConfigurationIsVisible = 0;
			defaultConfigurationName = Release;
		};
		6DF13FC026801EE700111AA0 /* Build configuration list for PBXNativeTarget "CoffeeColtura" */ = {
			isa = XCConfigurationList;
			buildConfigurations = (
				6DF13FC126801EE700111AA0 /* Debug */,
				6DF13FC226801EE700111AA0 /* Release */,
			);
			defaultConfigurationIsVisible = 0;
			defaultConfigurationName = Release;
		};
/* End XCConfigurationList section */
	};
	rootObject = 6DF13FA926801EE600111AA0 /* Project object */;
}
